
Microsoft Visual Studio Solution File, Format Version 12.00
# Visual Studio Version 17
VisualStudioVersion = 17.0.32014.148
MinimumVisualStudioVersion = 10.0.40219.1
Project("{8BC9CEB8-8B4A-11D0-8D11-00A0C91BC942}") = "DZ18", "DZ18\DZ18.vcxproj", "{C76BE192-CF59-45D3-8CF4-6F28C21A77F1}"
EndProject
Global
	GlobalSection(SolutionConfigurationPlatforms) = preSolution
		Debug|x64 = Debug|x64
		Debug|x86 = Debug|x86
		Release|x64 = Release|x64
		Release|x86 = Release|x86
	EndGlobalSection
	GlobalSection(ProjectConfigurationPlatforms) = postSolution
		{C76BE192-CF59-45D3-8CF4-6F28C21A77F1}.Debug|x64.ActiveCfg = Debug|x64
		{C76BE192-CF59-45D3-8CF4-6F28C21A77F1}.Debug|x64.Build.0 = Debug|x64
		{C76BE192-CF59-45D3-8CF4-6F28C21A77F1}.Debug|x86.ActiveCfg = Debug|Win32
		{C76BE192-CF59-45D3-8CF4-6F28C21A77F1}.Debug|x86.Build.0 = Debug|Win32
		{C76BE192-CF59-45D3-8CF4-6F28C21A77F1}.Release|x64.ActiveCfg = Release|x64
		{C76BE192-CF59-45D3-8CF4-6F28C21A77F1}.Release|x64.Build.0 = Release|x64
		{C76BE192-CF59-45D3-8CF4-6F28C21A77F1}.Release|x86.ActiveCfg = Release|Win32
		{C76BE192-CF59-45D3-8CF4-6F28C21A77F1}.Release|x86.Build.0 = Release|Win32
	EndGlobalSection
	GlobalSection(SolutionProperties) = preSolution
		HideSolutionNode = FALSE
	EndGlobalSection
	GlobalSection(ExtensibilityGlobals) = postSolution
		SolutionGuid = {21C74469-16AB-4831-A9EF-EB82E3199BE5}
	EndGlobalSection
EndGlobal
